// !$*UTF8*$!
{
	archiveVersion = 1;
	classes = {
	};
	objectVersion = 46;
	objects = {

/* Begin PBXBuildFile section */
		48156EFD1F0509D50070E40F /* WeatherCell.swift in Sources */ = {isa = PBXBuildFile; fileRef = 48156EFB1F0509D50070E40F /* WeatherCell.swift */; };
		48156EFE1F0509D50070E40F /* WeatherCell.xib in Resources */ = {isa = PBXBuildFile; fileRef = 48156EFC1F0509D50070E40F /* WeatherCell.xib */; };
		48156F041F050B900070E40F /* Weather.swift in Sources */ = {isa = PBXBuildFile; fileRef = 48156F031F050B900070E40F /* Weather.swift */; };
		48156F061F0522730070E40F /* sun.thumbnail.png in Resources */ = {isa = PBXBuildFile; fileRef = 48156F051F0522730070E40F /* sun.thumbnail.png */; };
		4819CA921F039D4A006DD02E /* WeatherViewController.swift in Sources */ = {isa = PBXBuildFile; fileRef = 4819CA911F039D4A006DD02E /* WeatherViewController.swift */; };
		481AF1CB1F0265F500075199 /* AppDelegate.swift in Sources */ = {isa = PBXBuildFile; fileRef = 481AF1CA1F0265F500075199 /* AppDelegate.swift */; };
		481AF1CD1F0265F500075199 /* ViewController.swift in Sources */ = {isa = PBXBuildFile; fileRef = 481AF1CC1F0265F500075199 /* ViewController.swift */; };
		481AF1D01F0265F500075199 /* Main.storyboard in Resources */ = {isa = PBXBuildFile; fileRef = 481AF1CE1F0265F500075199 /* Main.storyboard */; };
		481AF1D21F0265F500075199 /* Assets.xcassets in Resources */ = {isa = PBXBuildFile; fileRef = 481AF1D11F0265F500075199 /* Assets.xcassets */; };
		481AF1D51F0265F500075199 /* LaunchScreen.storyboard in Resources */ = {isa = PBXBuildFile; fileRef = 481AF1D31F0265F500075199 /* LaunchScreen.storyboard */; };
/* End PBXBuildFile section */

/* Begin PBXFileReference section */
		48156EFB1F0509D50070E40F /* WeatherCell.swift */ = {isa = PBXFileReference; fileEncoding = 4; lastKnownFileType = sourcecode.swift; path = WeatherCell.swift; sourceTree = "<group>"; };
		48156EFC1F0509D50070E40F /* WeatherCell.xib */ = {isa = PBXFileReference; fileEncoding = 4; lastKnownFileType = file.xib; path = WeatherCell.xib; sourceTree = "<group>"; };
		48156F031F050B900070E40F /* Weather.swift */ = {isa = PBXFileReference; fileEncoding = 4; lastKnownFileType = sourcecode.swift; path = Weather.swift; sourceTree = "<group>"; };
		48156F051F0522730070E40F /* sun.thumbnail.png */ = {isa = PBXFileReference; lastKnownFileType = image.png; path = sun.thumbnail.png; sourceTree = "<group>"; };
		4819CA911F039D4A006DD02E /* WeatherViewController.swift */ = {isa = PBXFileReference; fileEncoding = 4; lastKnownFileType = sourcecode.swift; path = WeatherViewController.swift; sourceTree = "<group>"; };
		481AF1C71F0265F500075199 /* Finalweather.app */ = {isa = PBXFileReference; explicitFileType = wrapper.application; includeInIndex = 0; path = Finalweather.app; sourceTree = BUILT_PRODUCTS_DIR; };
		481AF1CA1F0265F500075199 /* AppDelegate.swift */ = {isa = PBXFileReference; lastKnownFileType = sourcecode.swift; path = AppDelegate.swift; sourceTree = "<group>"; };
		481AF1CC1F0265F500075199 /* ViewController.swift */ = {isa = PBXFileReference; lastKnownFileType = sourcecode.swift; path = ViewController.swift; sourceTree = "<group>"; };
		481AF1CF1F0265F500075199 /* Base */ = {isa = PBXFileReference; lastKnownFileType = file.storyboard; name = Base; path = Base.lproj/Main.storyboard; sourceTree = "<group>"; };
		481AF1D11F0265F500075199 /* Assets.xcassets */ = {isa = PBXFileReference; lastKnownFileType = folder.assetcatalog; path = Assets.xcassets; sourceTree = "<group>"; };
		481AF1D41F0265F500075199 /* Base */ = {isa = PBXFileReference; lastKnownFileType = file.storyboard; name = Base; path = Base.lproj/LaunchScreen.storyboard; sourceTree = "<group>"; };
		481AF1D61F0265F500075199 /* Info.plist */ = {isa = PBXFileReference; lastKnownFileType = text.plist.xml; path = Info.plist; sourceTree = "<group>"; };
/* End PBXFileReference section */

/* Begin PBXFrameworksBuildPhase section */
		481AF1C41F0265F500075199 /* Frameworks */ = {
			isa = PBXFrameworksBuildPhase;
			buildActionMask = 2147483647;
			files = (
			);
			runOnlyForDeploymentPostprocessing = 0;
		};
/* End PBXFrameworksBuildPhase section */

/* Begin PBXGroup section */
		481AF1BE1F0265F500075199 = {
			isa = PBXGroup;
			children = (
				481AF1C91F0265F500075199 /* Finalweather */,
				481AF1C81F0265F500075199 /* Products */,
			);
			sourceTree = "<group>";
		};
		481AF1C81F0265F500075199 /* Products */ = {
			isa = PBXGroup;
			children = (
				481AF1C71F0265F500075199 /* Finalweather.app */,
			);
			name = Products;
			sourceTree = "<group>";
		};
		481AF1C91F0265F500075199 /* Finalweather */ = {
			isa = PBXGroup;
			children = (
				481AF1CA1F0265F500075199 /* AppDelegate.swift */,
				481AF1CC1F0265F500075199 /* ViewController.swift */,
				48156EFB1F0509D50070E40F /* WeatherCell.swift */,
				48156EFC1F0509D50070E40F /* WeatherCell.xib */,
				48156F051F0522730070E40F /* sun.thumbnail.png */,
				481AF1CE1F0265F500075199 /* Main.storyboard */,
				481AF1D11F0265F500075199 /* Assets.xcassets */,
				481AF1D31F0265F500075199 /* LaunchScreen.storyboard */,
				481AF1D61F0265F500075199 /* Info.plist */,
				4819CA911F039D4A006DD02E /* WeatherViewController.swift */,
				48156F031F050B900070E40F /* Weather.swift */,
			);
			path = Finalweather;
			sourceTree = "<group>";
		};
/* End PBXGroup section */

/* Begin PBXNativeTarget section */
		481AF1C61F0265F500075199 /* Finalweather */ = {
			isa = PBXNativeTarget;
			buildConfigurationList = 481AF1D91F0265F500075199 /* Build configuration list for PBXNativeTarget "Finalweather" */;
			buildPhases = (
				481AF1C31F0265F500075199 /* Sources */,
				481AF1C41F0265F500075199 /* Frameworks */,
				481AF1C51F0265F500075199 /* Resources */,
			);
			buildRules = (
			);
			dependencies = (
			);
			name = Finalweather;
			productName = Finalweather;
			productReference = 481AF1C71F0265F500075199 /* Finalweather.app */;
			productType = "com.apple.product-type.application";
		};
/* End PBXNativeTarget section */

/* Begin PBXProject section */
		481AF1BF1F0265F500075199 /* Project object */ = {
			isa = PBXProject;
			attributes = {
				LastSwiftUpdateCheck = 0830;
				LastUpgradeCheck = 0830;
				ORGANIZATIONNAME = "Nivedita Nighojkar";
				TargetAttributes = {
					481AF1C61F0265F500075199 = {
						CreatedOnToolsVersion = 8.3.2;
						DevelopmentTeam = SS6C8SGC6Z;
						ProvisioningStyle = Automatic;
					};
				};
			};
			buildConfigurationList = 481AF1C21F0265F500075199 /* Build configuration list for PBXProject "Finalweather" */;
			compatibilityVersion = "Xcode 3.2";
			developmentRegion = English;
			hasScannedForEncodings = 0;
			knownRegions = (
				en,
				Base,
			);
			mainGroup = 481AF1BE1F0265F500075199;
			productRefGroup = 481AF1C81F0265F500075199 /* Products */;
			projectDirPath = "";
			projectRoot = "";
			targets = (
				481AF1C61F0265F500075199 /* Finalweather */,
			);
		};
/* End PBXProject section */

/* Begin PBXResourcesBuildPhase section */
		481AF1C51F0265F500075199 /* Resources */ = {
			isa = PBXResourcesBuildPhase;
			buildActionMask = 2147483647;
			files = (
				481AF1D51F0265F500075199 /* LaunchScreen.storyboard in Resources */,
				481AF1D21F0265F500075199 /* Assets.xcassets in Resources */,
				48156F061F0522730070E40F /* sun.thumbnail.png in Resources */,
				481AF1D01F0265F500075199 /* Main.storyboard in Resources */,
				48156EFE1F0509D50070E40F /* WeatherCell.xib in Resources */,
			);
			runOnlyForDeploymentPostprocessing = 0;
		};
/* End PBXResourcesBuildPhase section */

/* Begin PBXSourcesBuildPhase section */
		481AF1C31F0265F500075199 /* Sources */ = {
			isa = PBXSourcesBuildPhase;
			buildActionMask = 2147483647;
			files = (
				481AF1CD1F0265F500075199 /* ViewController.swift in Sources */,
				48156EFD1F0509D50070E40F /* WeatherCell.swift in Sources */,
				4819CA921F039D4A006DD02E /* WeatherViewController.swift in Sources */,
				481AF1CB1F0265F500075199 /* AppDelegate.swift in Sources */,
				48156F041F050B900070E40F /* Weather.swift in Sources */,
			);
			runOnlyForDeploymentPostprocessing = 0;
		};
/* End PBXSourcesBuildPhase section */

/* Begin PBXVariantGroup section */
		481AF1CE1F0265F500075199 /* Main.storyboard */ = {
			isa = PBXVariantGroup;
			children = (
				481AF1CF1F0265F500075199 /* Base */,
			);
			name = Main.storyboard;
			sourceTree = "<group>";
		};
		481AF1D31F0265F500075199 /* LaunchScreen.storyboard */ = {
			isa = PBXVariantGroup;
			children = (
				481AF1D41F0265F500075199 /* Base */,
			);
			name = LaunchScreen.storyboard;
			sourceTree = "<group>";
		};
/* End PBXVariantGroup section */

/* Begin XCBuildConfiguration section */
		481AF1D71F0265F500075199 /* Debug */ = {
			isa = XCBuildConfiguration;
			buildSettings = {
				ALWAYS_SEARCH_USER_PATHS = NO;
				CLANG_ANALYZER_NONNULL = YES;
				CLANG_ANALYZER_NUMBER_OBJECT_CONVERSION = YES_AGGRESSIVE;
				CLANG_CXX_LANGUAGE_STANDARD = "gnu++0x";
				CLANG_CXX_LIBRARY = "libc++";
				CLANG_ENABLE_MODULES = YES;
				CLANG_ENABLE_OBJC_ARC = YES;
				CLANG_WARN_BOOL_CONVERSION = YES;
				CLANG_WARN_CONSTANT_CONVERSION = YES;
				CLANG_WARN_DIRECT_OBJC_ISA_USAGE = YES_ERROR;
				CLANG_WARN_DOCUMENTATION_COMMENTS = YES;
				CLANG_WARN_EMPTY_BODY = YES;
				CLANG_WARN_ENUM_CONVERSION = YES;
				CLANG_WARN_INFINITE_RECURSION = YES;
				CLANG_WARN_INT_CONVERSION = YES;
				CLANG_WARN_OBJC_ROOT_CLASS = YES_ERROR;
				CLANG_WARN_SUSPICIOUS_MOVE = YES;
				CLANG_WARN_UNREACHABLE_CODE = YES;
				CLANG_WARN__DUPLICATE_METHOD_MATCH = YES;
				"CODE_SIGN_IDENTITY[sdk=iphoneos*]" = "iPhone Developer";
				COPY_PHASE_STRIP = NO;
				DEBUG_INFORMATION_FORMAT = dwarf;
				ENABLE_STRICT_OBJC_MSGSEND = YES;
				ENABLE_TESTABILITY = YES;
				GCC_C_LANGUAGE_STANDARD = gnu99;
				GCC_DYNAMIC_NO_PIC = NO;
				GCC_NO_COMMON_BLOCKS = YES;
				GCC_OPTIMIZATION_LEVEL = 0;
				GCC_PREPROCESSOR_DEFINITIONS = (
					"DEBUG=1",
					"$(inherited)",
				);
				GCC_WARN_64_TO_32_BIT_CONVERSION = YES;
				GCC_WARN_ABOUT_RETURN_TYPE = YES_ERROR;
				GCC_WARN_UNDECLARED_SELECTOR = YES;
				GCC_WARN_UNINITIALIZED_AUTOS = YES_AGGRESSIVE;
				GCC_WARN_UNUSED_FUNCTION = YES;
				GCC_WARN_UNUSED_VARIABLE = YES;
				IPHONEOS_DEPLOYMENT_TARGET = 10.3;
				MTL_ENABLE_DEBUG_INFO = YES;
				ONLY_ACTIVE_ARCH = YES;
				SDKROOT = iphoneos;
				SWIFT_ACTIVE_COMPILATION_CONDITIONS = DEBUG;
				SWIFT_OPTIMIZATION_LEVEL = "-Onone";
			};
			name = Debug;
		};
		481AF1D81F0265F500075199 /* Release */ = {
			isa = XCBuildConfiguration;
			buildSettings = {
				ALWAYS_SEARCH_USER_PATHS = NO;
				CLANG_ANALYZER_NONNULL = YES;
				CLANG_ANALYZER_NUMBER_OBJECT_CONVERSION = YES_AGGRESSIVE;
				CLANG_CXX_LANGUAGE_STANDARD = "gnu++0x";
				CLANG_CXX_LIBRARY = "libc++";
				CLANG_ENABLE_MODULES = YES;
				CLANG_ENABLE_OBJC_ARC = YES;
				CLANG_WARN_BOOL_CONVERSION = YES;
				CLANG_WARN_CONSTANT_CONVERSION = YES;
				CLANG_WARN_DIRECT_OBJC_ISA_USAGE = YES_ERROR;
				CLANG_WARN_DOCUMENTATION_COMMENTS = YES;
				CLANG_WARN_EMPTY_BODY = YES;
				CLANG_WARN_ENUM_CONVERSION = YES;
				CLANG_WARN_INFINITE_RECURSION = YES;
				CLANG_WARN_INT_CONVERSION = YES;
				CLANG_WARN_OBJC_ROOT_CLASS = YES_ERROR;
				CLANG_WARN_SUSPICIOUS_MOVE = YES;
				CLANG_WARN_UNREACHABLE_CODE = YES;
				CLANG_WARN__DUPLICATE_METHOD_MATCH = YES;
				"CODE_SIGN_IDENTITY[sdk=iphoneos*]" = "iPhone Developer";
				COPY_PHASE_STRIP = NO;
				DEBUG_INFORMATION_FORMAT = "dwarf-with-dsym";
				ENABLE_NS_ASSERTIONS = NO;
				ENABLE_STRICT_OBJC_MSGSEND = YES;
				GCC_C_LANGUAGE_STANDARD = gnu99;
				GCC_NO_COMMON_BLOCKS = YES;
				GCC_WARN_64_TO_32_BIT_CONVERSION = YES;
				GCC_WARN_ABOUT_RETURN_TYPE = YES_ERROR;
				GCC_WARN_UNDECLARED_SELECTOR = YES;
				GCC_WARN_UNINITIALIZED_AUTOS = YES_AGGRESSIVE;
				GCC_WARN_UNUSED_FUNCTION = YES;
				GCC_WARN_UNUSED_VARIABLE = YES;
				IPHONEOS_DEPLOYMENT_TARGET = 10.3;
				MTL_ENABLE_DEBUG_INFO = NO;
				SDKROOT = iphoneos;
				SWIFT_OPTIMIZATION_LEVEL = "-Owholemodule";
				VALIDATE_PRODUCT = YES;
			};
			name = Release;
		};
		481AF1DA1F0265F500075199 /* Debug */ = {
			isa = XCBuildConfiguration;
			buildSettings = {
				ASSETCATALOG_COMPILER_APPICON_NAME = AppIcon;
				"CODE_SIGN_IDENTITY[sdk=iphoneos*]" = "iPhone Developer";
				DEVELOPMENT_TEAM = SS6C8SGC6Z;
				INFOPLIST_FILE = Finalweather/Info.plist;
				IPHONEOS_DEPLOYMENT_TARGET = 9.1;
				LD_RUNPATH_SEARCH_PATHS = "$(inherited) @executable_path/Frameworks";
				PRODUCT_BUNDLE_IDENTIFIER = com.example.Finalweather;
				PRODUCT_NAME = "$(TARGET_NAME)";
				PROVISIONING_PROFILE_SPECIFIER = "";
				SWIFT_VERSION = 3.0;
				TARGETED_DEVICE_FAMILY = 1;
			};
			name = Debug;
		};
		481AF1DB1F0265F500075199 /* Release */ = {
			isa = XCBuildConfiguration;
			buildSettings = {
				ASSETCATALOG_COMPILER_APPICON_NAME = AppIcon;
				"CODE_SIGN_IDENTITY[sdk=iphoneos*]" = "iPhone Developer";
				DEVELOPMENT_TEAM = SS6C8SGC6Z;
				INFOPLIST_FILE = Finalweather/Info.plist;
				IPHONEOS_DEPLOYMENT_TARGET = 9.1;
				LD_RUNPATH_SEARCH_PATHS = "$(inherited) @executable_path/Frameworks";
				PRODUCT_BUNDLE_IDENTIFIER = com.example.Finalweather;
				PRODUCT_NAME = "$(TARGET_NAME)";
				PROVISIONING_PROFILE_SPECIFIER = "";
				SWIFT_VERSION = 3.0;
				TARGETED_DEVICE_FAMILY = 1;
			};
			name = Release;
		};
/* End XCBuildConfiguration section */

/* Begin XCConfigurationList section */
		481AF1C21F0265F500075199 /* Build configuration list for PBXProject "Finalweather" */ = {
			isa = XCConfigurationList;
			buildConfigurations = (
				481AF1D71F0265F500075199 /* Debug */,
				481AF1D81F0265F500075199 /* Release */,
			);
			defaultConfigurationIsVisible = 0;
			defaultConfigurationName = Release;
		};
		481AF1D91F0265F500075199 /* Build configuration list for PBXNativeTarget "Finalweather" */ = {
			isa = XCConfigurationList;
			buildConfigurations = (
				481AF1DA1F0265F500075199 /* Debug */,
				481AF1DB1F0265F500075199 /* Release */,
			);
			defaultConfigurationIsVisible = 0;
			defaultConfigurationName = Release;
		};
/* End XCConfigurationList section */
	};
	rootObject = 481AF1BF1F0265F500075199 /* Project object */;
}
